{
  "name": "soundclone",
  "lockfileVersion": 3,
  "requires": true,
  "packages": {
    "": {
      "dependencies": {
        "micro-js": "file:../micro-js"
      }
    },
    "../micro-js": {
      "version": "0.2.7",
      "license": "MIT",
      "devDependencies": {
        "form-data": "^4.0.4"
      },
      "engines": {
        "node": ">=20.0.0"
      }
    },
    "node_modules/micro-js": {
      "resolved": "../micro-js",
      "link": true
    }
  }
}
