{
  "name": "soundclone-version-0",
  "version": "0.0.1",
  "lockfileVersion": 3,
  "requires": true,
  "packages": {
    "": {
      "name": "soundclone-version-0",
      "version": "0.0.1",
      "dependencies": {
        "micro-js": "^0.1.1",
        "micro-js-html": "^0.0.5"
      }
    },
    "node_modules/micro-js": {
      "version": "0.1.1",
      "resolved": "https://registry.npmjs.org/micro-js/-/micro-js-0.1.1.tgz",
      "integrity": "sha512-Zi5F8PdL4AFpIvbpCKkchXU1Q4nRRHfE/C77HKJDOgv2XBpM6go5zb+rW8Nt+EneyOG6fM++gVYiVjp5gTaoPQ==",
      "license": "MIT",
      "engines": {
        "node": ">=20.0.0"
      }
    },
    "node_modules/micro-js-html": {
      "version": "0.0.5",
      "resolved": "https://registry.npmjs.org/micro-js-html/-/micro-js-html-0.0.5.tgz",
      "integrity": "sha512-a9yOk8d17ElhTfT2evEYnNxaNf6aF7WKl+V6X+5GrzIGCZPKkfL00d6KxmsiQEzchVxRKZjf4tZzEiU9TbFfpg==",
      "license": "MIT",
      "engines": {
        "node": ">=20.0.0"
      }
    }
  }
}
