{
  "name": "soundclone-ffmpeg",
  "version": "1.0.0",
  "lockfileVersion": 3,
  "requires": true,
  "packages": {
    "": {
      "name": "soundclone-ffmpeg",
      "version": "1.0.0",
      "license": "ISC",
      "dependencies": {
        "micro-js": "^0.2.9"
      }
    },
    "node_modules/micro-js": {
      "version": "0.2.9",
      "resolved": "https://registry.npmjs.org/micro-js/-/micro-js-0.2.9.tgz",
      "integrity": "sha512-3ik92iuMdZjqH0TK+9F1W2Hb62VkSqCVeOcg6Snihf5uz1JTfezDJpFB4UaIR8xNGlfHQGIYKxsbP1DbJO1h/g==",
      "license": "MIT",
      "engines": {
        "node": ">=20.0.0"
      }
    }
  }
}
