{
  "name": "soundclone-ffmpeg",
  "version": "1.0.0",
  "lockfileVersion": 3,
  "requires": true,
  "packages": {
    "": {
      "name": "soundclone-ffmpeg",
      "version": "1.0.0",
      "license": "ISC",
      "dependencies": {
        "@yamf/core": "0.3.2"
      }
    },
    "node_modules/@yamf/core": {
      "version": "0.3.2",
      "resolved": "https://registry.npmjs.org/@yamf/core/-/core-0.3.2.tgz",
      "integrity": "sha512-qHbIYROWcnSPJsoN6eT/R0Uyi3tbzI6Bfs6bBFwxtY7VlfEeFRr/beEPu5xxeJqKQmIvxeyWHHOdEyofBv6uGQ==",
      "license": "MIT",
      "engines": {
        "node": ">=20.0.0"
      },
      "peerDependencies": {
        "@yamf/client": "^0.1.0"
      },
      "peerDependenciesMeta": {
        "@yamf/client": {
          "optional": true
        }
      }
    }
  }
}
