{
  "name": "soundclone-ffmpeg",
  "version": "1.0.0",
  "lockfileVersion": 3,
  "requires": true,
  "packages": {
    "": {
      "name": "soundclone-ffmpeg",
      "version": "1.0.0",
      "license": "ISC",
      "dependencies": {
        "micro-js": "^0.2.11"
      }
    },
    "node_modules/micro-js": {
      "version": "0.2.11",
      "resolved": "https://registry.npmjs.org/micro-js/-/micro-js-0.2.11.tgz",
      "integrity": "sha512-VrVGBpPuOn63CSOdLynsEkJ/KUFGjObpso+qkQ3XFssyT3FPh+mZQ1kxVgDoB3bgwO44dS9q2z+adxpeFyx4Bg==",
      "license": "MIT",
      "engines": {
        "node": ">=20.0.0"
      }
    }
  }
}
